# This file is autogenerated, do not edit; changes may be undone by the next 'dep ensure'.


[[projects]]
  name = "gocv.io/x/gocv"
  packages = ["."]
  revision = "116580adca5ee7dbf8d1307c9072f5094051116f"
  version = "v0.16.0"

[solve-meta]
  analyzer-name = "dep"
  analyzer-version = 1
  inputs-digest = "0d24c357363968aa175823c90bff11bdf1cd7b678d83a43fa977561be124715b"
  solver-name = "gps-cdcl"
  solver-version = 1
